
Microsoft Visual Studio Solution File, Format Version 12.00
# Visual Studio Version 17
VisualStudioVersion = 17.8.34330.188
MinimumVisualStudioVersion = 10.0.40219.1
Project("{FAE04EC0-301F-11D3-BF4B-00C04F79EFBC}") = "EstudosAPI.Full", "EstudosAPI.Full\EstudosAPI.Full.csproj", "{458D0F63-7958-42C9-AF76-EBC130FA0587}"
EndProject
Project("{FAE04EC0-301F-11D3-BF4B-00C04F79EFBC}") = "AssistOS.Update", "AssistOS.Update\AssistOS.Update.csproj", "{78B04C9D-C6BB-471F-8C4D-AE8283B6A04F}"
EndProject
Global
	GlobalSection(SolutionConfigurationPlatforms) = preSolution
		Debug|Any CPU = Debug|Any CPU
		Release|Any CPU = Release|Any CPU
	EndGlobalSection
	GlobalSection(ProjectConfigurationPlatforms) = postSolution
		{458D0F63-7958-42C9-AF76-EBC130FA0587}.Debug|Any CPU.ActiveCfg = Debug|Any CPU
		{458D0F63-7958-42C9-AF76-EBC130FA0587}.Debug|Any CPU.Build.0 = Debug|Any CPU
		{458D0F63-7958-42C9-AF76-EBC130FA0587}.Release|Any CPU.ActiveCfg = Release|Any CPU
		{458D0F63-7958-42C9-AF76-EBC130FA0587}.Release|Any CPU.Build.0 = Release|Any CPU
		{78B04C9D-C6BB-471F-8C4D-AE8283B6A04F}.Debug|Any CPU.ActiveCfg = Debug|Any CPU
		{78B04C9D-C6BB-471F-8C4D-AE8283B6A04F}.Debug|Any CPU.Build.0 = Debug|Any CPU
		{78B04C9D-C6BB-471F-8C4D-AE8283B6A04F}.Release|Any CPU.ActiveCfg = Release|Any CPU
		{78B04C9D-C6BB-471F-8C4D-AE8283B6A04F}.Release|Any CPU.Build.0 = Release|Any CPU
	EndGlobalSection
	GlobalSection(SolutionProperties) = preSolution
		HideSolutionNode = FALSE
	EndGlobalSection
	GlobalSection(ExtensibilityGlobals) = postSolution
		SolutionGuid = {B234B325-6795-4585-8598-33602B337EC5}
	EndGlobalSection
EndGlobal
